// !$*UTF8*$!
{
	archiveVersion = 1;
	classes = {
	};
	objectVersion = 46;
	objects = {

/* Begin PBXBuildFile section */
		4250D83D1947BA2600537779 /* CharacterSetSpecification.swift in Sources */ = {isa = PBXBuildFile; fileRef = 4250D83C1947BA2600537779 /* CharacterSetSpecification.swift */; };
		42B7F34419479AE500CBB434 /* RegexSpecification.swift in Sources */ = {isa = PBXBuildFile; fileRef = 42B7F34219479AE500CBB434 /* RegexSpecification.swift */; };
		42B7F34519479AE500CBB434 /* Specification.swift in Sources */ = {isa = PBXBuildFile; fileRef = 42B7F34319479AE500CBB434 /* Specification.swift */; };
		42E1B7AF19422EFC0022E796 /* AppDelegate.swift in Sources */ = {isa = PBXBuildFile; fileRef = 42E1B7AE19422EFC0022E796 /* AppDelegate.swift */; };
		42E1B7B119422EFC0022E796 /* ViewController.swift in Sources */ = {isa = PBXBuildFile; fileRef = 42E1B7B019422EFC0022E796 /* ViewController.swift */; };
		42E1B7B419422EFC0022E796 /* Main.storyboard in Resources */ = {isa = PBXBuildFile; fileRef = 42E1B7B219422EFC0022E796 /* Main.storyboard */; };
		42E1B7B619422EFC0022E796 /* Images.xcassets in Resources */ = {isa = PBXBuildFile; fileRef = 42E1B7B519422EFC0022E796 /* Images.xcassets */; };
/* End PBXBuildFile section */

/* Begin PBXFileReference section */
		4250D83C1947BA2600537779 /* CharacterSetSpecification.swift */ = {isa = PBXFileReference; fileEncoding = 4; lastKnownFileType = sourcecode.swift; path = CharacterSetSpecification.swift; sourceTree = "<group>"; };
		42B7F34219479AE500CBB434 /* RegexSpecification.swift */ = {isa = PBXFileReference; fileEncoding = 4; lastKnownFileType = sourcecode.swift; path = RegexSpecification.swift; sourceTree = "<group>"; };
		42B7F34319479AE500CBB434 /* Specification.swift */ = {isa = PBXFileReference; fileEncoding = 4; lastKnownFileType = sourcecode.swift; path = Specification.swift; sourceTree = "<group>"; };
		42E1B7A919422EFC0022E796 /* Basic_iOS.app */ = {isa = PBXFileReference; explicitFileType = wrapper.application; includeInIndex = 0; path = Basic_iOS.app; sourceTree = BUILT_PRODUCTS_DIR; };
		42E1B7AD19422EFC0022E796 /* Info.plist */ = {isa = PBXFileReference; lastKnownFileType = text.plist.xml; path = Info.plist; sourceTree = "<group>"; };
		42E1B7AE19422EFC0022E796 /* AppDelegate.swift */ = {isa = PBXFileReference; lastKnownFileType = sourcecode.swift; path = AppDelegate.swift; sourceTree = "<group>"; };
		42E1B7B019422EFC0022E796 /* ViewController.swift */ = {isa = PBXFileReference; lastKnownFileType = sourcecode.swift; path = ViewController.swift; sourceTree = "<group>"; };
		42E1B7B319422EFC0022E796 /* Base */ = {isa = PBXFileReference; lastKnownFileType = file.storyboard; name = Base; path = Base.lproj/Main.storyboard; sourceTree = "<group>"; };
		42E1B7B519422EFC0022E796 /* Images.xcassets */ = {isa = PBXFileReference; lastKnownFileType = folder.assetcatalog; path = Images.xcassets; sourceTree = "<group>"; };
/* End PBXFileReference section */

/* Begin PBXFrameworksBuildPhase section */
		42E1B7A619422EFC0022E796 /* Frameworks */ = {
			isa = PBXFrameworksBuildPhase;
			buildActionMask = 2147483647;
			files = (
			);
			runOnlyForDeploymentPostprocessing = 0;
		};
/* End PBXFrameworksBuildPhase section */

/* Begin PBXGroup section */
		42B7F34119479AE500CBB434 /* Classes */ = {
			isa = PBXGroup;
			children = (
				4250D83C1947BA2600537779 /* CharacterSetSpecification.swift */,
				42B7F34219479AE500CBB434 /* RegexSpecification.swift */,
				42B7F34319479AE500CBB434 /* Specification.swift */,
			);
			name = Classes;
			path = ../../Classes;
			sourceTree = "<group>";
		};
		42E1B7A019422EFC0022E796 = {
			isa = PBXGroup;
			children = (
				42B7F34119479AE500CBB434 /* Classes */,
				42E1B7AB19422EFC0022E796 /* Basic_iOS */,
				42E1B7AA19422EFC0022E796 /* Products */,
			);
			sourceTree = "<group>";
		};
		42E1B7AA19422EFC0022E796 /* Products */ = {
			isa = PBXGroup;
			children = (
				42E1B7A919422EFC0022E796 /* Basic_iOS.app */,
			);
			name = Products;
			sourceTree = "<group>";
		};
		42E1B7AB19422EFC0022E796 /* Basic_iOS */ = {
			isa = PBXGroup;
			children = (
				42E1B7AE19422EFC0022E796 /* AppDelegate.swift */,
				42E1B7B019422EFC0022E796 /* ViewController.swift */,
				42E1B7B219422EFC0022E796 /* Main.storyboard */,
				42E1B7B519422EFC0022E796 /* Images.xcassets */,
				42E1B7AC19422EFC0022E796 /* Supporting Files */,
			);
			path = Basic_iOS;
			sourceTree = "<group>";
		};
		42E1B7AC19422EFC0022E796 /* Supporting Files */ = {
			isa = PBXGroup;
			children = (
				42E1B7AD19422EFC0022E796 /* Info.plist */,
			);
			name = "Supporting Files";
			sourceTree = "<group>";
		};
/* End PBXGroup section */

/* Begin PBXNativeTarget section */
		42E1B7A819422EFC0022E796 /* Basic_iOS */ = {
			isa = PBXNativeTarget;
			buildConfigurationList = 42E1B7C519422EFC0022E796 /* Build configuration list for PBXNativeTarget "Basic_iOS" */;
			buildPhases = (
				42E1B7A519422EFC0022E796 /* Sources */,
				42E1B7A619422EFC0022E796 /* Frameworks */,
				42E1B7A719422EFC0022E796 /* Resources */,
			);
			buildRules = (
			);
			dependencies = (
			);
			name = Basic_iOS;
			productName = Basic_iOS;
			productReference = 42E1B7A919422EFC0022E796 /* Basic_iOS.app */;
			productType = "com.apple.product-type.application";
		};
/* End PBXNativeTarget section */

/* Begin PBXProject section */
		42E1B7A119422EFC0022E796 /* Project object */ = {
			isa = PBXProject;
			attributes = {
				LastUpgradeCheck = 0600;
				ORGANIZATIONNAME = None;
				TargetAttributes = {
					42E1B7A819422EFC0022E796 = {
						CreatedOnToolsVersion = 6.0;
					};
				};
			};
			buildConfigurationList = 42E1B7A419422EFC0022E796 /* Build configuration list for PBXProject "Basic_iOS" */;
			compatibilityVersion = "Xcode 3.2";
			developmentRegion = English;
			hasScannedForEncodings = 0;
			knownRegions = (
				en,
				Base,
			);
			mainGroup = 42E1B7A019422EFC0022E796;
			productRefGroup = 42E1B7AA19422EFC0022E796 /* Products */;
			projectDirPath = "";
			projectRoot = "";
			targets = (
				42E1B7A819422EFC0022E796 /* Basic_iOS */,
			);
		};
/* End PBXProject section */

/* Begin PBXResourcesBuildPhase section */
		42E1B7A719422EFC0022E796 /* Resources */ = {
			isa = PBXResourcesBuildPhase;
			buildActionMask = 2147483647;
			files = (
				42E1B7B419422EFC0022E796 /* Main.storyboard in Resources */,
				42E1B7B619422EFC0022E796 /* Images.xcassets in Resources */,
			);
			runOnlyForDeploymentPostprocessing = 0;
		};
/* End PBXResourcesBuildPhase section */

/* Begin PBXSourcesBuildPhase section */
		42E1B7A519422EFC0022E796 /* Sources */ = {
			isa = PBXSourcesBuildPhase;
			buildActionMask = 2147483647;
			files = (
				4250D83D1947BA2600537779 /* CharacterSetSpecification.swift in Sources */,
				42E1B7B119422EFC0022E796 /* ViewController.swift in Sources */,
				42E1B7AF19422EFC0022E796 /* AppDelegate.swift in Sources */,
				42B7F34419479AE500CBB434 /* RegexSpecification.swift in Sources */,
				42B7F34519479AE500CBB434 /* Specification.swift in Sources */,
			);
			runOnlyForDeploymentPostprocessing = 0;
		};
/* End PBXSourcesBuildPhase section */

/* Begin PBXVariantGroup section */
		42E1B7B219422EFC0022E796 /* Main.storyboard */ = {
			isa = PBXVariantGroup;
			children = (
				42E1B7B319422EFC0022E796 /* Base */,
			);
			name = Main.storyboard;
			sourceTree = "<group>";
		};
/* End PBXVariantGroup section */

/* Begin XCBuildConfiguration section */
		42E1B7C319422EFC0022E796 /* Debug */ = {
			isa = XCBuildConfiguration;
			buildSettings = {
				ALWAYS_SEARCH_USER_PATHS = NO;
				CLANG_CXX_LANGUAGE_STANDARD = "gnu++0x";
				CLANG_CXX_LIBRARY = "libc++";
				CLANG_ENABLE_MODULES = YES;
				CLANG_ENABLE_OBJC_ARC = YES;
				CLANG_WARN_BOOL_CONVERSION = YES;
				CLANG_WARN_CONSTANT_CONVERSION = YES;
				CLANG_WARN_DIRECT_OBJC_ISA_USAGE = YES_ERROR;
				CLANG_WARN_EMPTY_BODY = YES;
				CLANG_WARN_ENUM_CONVERSION = YES;
				CLANG_WARN_INT_CONVERSION = YES;
				CLANG_WARN_OBJC_ROOT_CLASS = YES_ERROR;
				CLANG_WARN_UNREACHABLE_CODE = YES;
				CLANG_WARN__DUPLICATE_METHOD_MATCH = YES;
				"CODE_SIGN_IDENTITY[sdk=iphoneos*]" = "iPhone Developer";
				COPY_PHASE_STRIP = NO;
				ENABLE_STRICT_OBJC_MSGSEND = YES;
				GCC_C_LANGUAGE_STANDARD = gnu99;
				GCC_DYNAMIC_NO_PIC = NO;
				GCC_OPTIMIZATION_LEVEL = 0;
				GCC_PREPROCESSOR_DEFINITIONS = (
					"DEBUG=1",
					"$(inherited)",
				);
				GCC_SYMBOLS_PRIVATE_EXTERN = NO;
				GCC_WARN_64_TO_32_BIT_CONVERSION = YES;
				GCC_WARN_ABOUT_RETURN_TYPE = YES_ERROR;
				GCC_WARN_UNDECLARED_SELECTOR = YES;
				GCC_WARN_UNINITIALIZED_AUTOS = YES_AGGRESSIVE;
				GCC_WARN_UNUSED_FUNCTION = YES;
				GCC_WARN_UNUSED_VARIABLE = YES;
				IPHONEOS_DEPLOYMENT_TARGET = 8.0;
				METAL_ENABLE_DEBUG_INFO = YES;
				ONLY_ACTIVE_ARCH = YES;
				SDKROOT = iphoneos;
				SWIFT_OPTIMIZATION_LEVEL = "-Onone";
				TARGETED_DEVICE_FAMILY = "1,2";
			};
			name = Debug;
		};
		42E1B7C419422EFC0022E796 /* Release */ = {
			isa = XCBuildConfiguration;
			buildSettings = {
				ALWAYS_SEARCH_USER_PATHS = NO;
				CLANG_CXX_LANGUAGE_STANDARD = "gnu++0x";
				CLANG_CXX_LIBRARY = "libc++";
				CLANG_ENABLE_MODULES = YES;
				CLANG_ENABLE_OBJC_ARC = YES;
				CLANG_WARN_BOOL_CONVERSION = YES;
				CLANG_WARN_CONSTANT_CONVERSION = YES;
				CLANG_WARN_DIRECT_OBJC_ISA_USAGE = YES_ERROR;
				CLANG_WARN_EMPTY_BODY = YES;
				CLANG_WARN_ENUM_CONVERSION = YES;
				CLANG_WARN_INT_CONVERSION = YES;
				CLANG_WARN_OBJC_ROOT_CLASS = YES_ERROR;
				CLANG_WARN_UNREACHABLE_CODE = YES;
				CLANG_WARN__DUPLICATE_METHOD_MATCH = YES;
				"CODE_SIGN_IDENTITY[sdk=iphoneos*]" = "iPhone Developer";
				COPY_PHASE_STRIP = YES;
				ENABLE_NS_ASSERTIONS = NO;
				ENABLE_STRICT_OBJC_MSGSEND = YES;
				GCC_C_LANGUAGE_STANDARD = gnu99;
				GCC_WARN_64_TO_32_BIT_CONVERSION = YES;
				GCC_WARN_ABOUT_RETURN_TYPE = YES_ERROR;
				GCC_WARN_UNDECLARED_SELECTOR = YES;
				GCC_WARN_UNINITIALIZED_AUTOS = YES_AGGRESSIVE;
				GCC_WARN_UNUSED_FUNCTION = YES;
				GCC_WARN_UNUSED_VARIABLE = YES;
				IPHONEOS_DEPLOYMENT_TARGET = 8.0;
				METAL_ENABLE_DEBUG_INFO = NO;
				SDKROOT = iphoneos;
				TARGETED_DEVICE_FAMILY = "1,2";
				VALIDATE_PRODUCT = YES;
			};
			name = Release;
		};
		42E1B7C619422EFC0022E796 /* Debug */ = {
			isa = XCBuildConfiguration;
			buildSettings = {
				ASSETCATALOG_COMPILER_APPICON_NAME = AppIcon;
				ASSETCATALOG_COMPILER_LAUNCHIMAGE_NAME = LaunchImage;
				INFOPLIST_FILE = Basic_iOS/Info.plist;
				LD_RUNPATH_SEARCH_PATHS = "$(inherited) @executable_path/Frameworks";
				PRODUCT_NAME = "$(TARGET_NAME)";
			};
			name = Debug;
		};
		42E1B7C719422EFC0022E796 /* Release */ = {
			isa = XCBuildConfiguration;
			buildSettings = {
				ASSETCATALOG_COMPILER_APPICON_NAME = AppIcon;
				ASSETCATALOG_COMPILER_LAUNCHIMAGE_NAME = LaunchImage;
				INFOPLIST_FILE = Basic_iOS/Info.plist;
				LD_RUNPATH_SEARCH_PATHS = "$(inherited) @executable_path/Frameworks";
				PRODUCT_NAME = "$(TARGET_NAME)";
			};
			name = Release;
		};
/* End XCBuildConfiguration section */

/* Begin XCConfigurationList section */
		42E1B7A419422EFC0022E796 /* Build configuration list for PBXProject "Basic_iOS" */ = {
			isa = XCConfigurationList;
			buildConfigurations = (
				42E1B7C319422EFC0022E796 /* Debug */,
				42E1B7C419422EFC0022E796 /* Release */,
			);
			defaultConfigurationIsVisible = 0;
			defaultConfigurationName = Release;
		};
		42E1B7C519422EFC0022E796 /* Build configuration list for PBXNativeTarget "Basic_iOS" */ = {
			isa = XCConfigurationList;
			buildConfigurations = (
				42E1B7C619422EFC0022E796 /* Debug */,
				42E1B7C719422EFC0022E796 /* Release */,
			);
			defaultConfigurationIsVisible = 0;
			defaultConfigurationName = Release;
		};
/* End XCConfigurationList section */
	};
	rootObject = 42E1B7A119422EFC0022E796 /* Project object */;
}
